
Microsoft Visual Studio Solution File, Format Version 12.00
# Visual Studio 14
VisualStudioVersion = 14.0.23107.0
MinimumVisualStudioVersion = 10.0.40219.1
Project("{FAE04EC0-301F-11D3-BF4B-00C04F79EFBC}") = "Toolbox.Framework", "Toolbox.Framework\Toolbox.Framework.csproj", "{0338195A-0AB9-4207-BE05-04BF4DD3FF76}"
EndProject
Project("{2150E333-8FDC-42A3-9474-1A3956D46DE8}") = "Solution Items", "Solution Items", "{72CD61BA-D1DC-4327-BA7E-8851280078A5}"
	ProjectSection(SolutionItems) = preProject
		.gitignore = .gitignore
	EndProjectSection
EndProject
Project("{FAE04EC0-301F-11D3-BF4B-00C04F79EFBC}") = "Toolbox", "Toolbox\Toolbox.csproj", "{EAD54FD5-A81B-4595-9349-4FFDE2F6E919}"
	ProjectSection(ProjectDependencies) = postProject
		{0338195A-0AB9-4207-BE05-04BF4DD3FF76} = {0338195A-0AB9-4207-BE05-04BF4DD3FF76}
		{7AB22462-5273-4DE3-9A4C-0C8494868EFC} = {7AB22462-5273-4DE3-9A4C-0C8494868EFC}
	EndProjectSection
EndProject
Project("{FAE04EC0-301F-11D3-BF4B-00C04F79EFBC}") = "Toolbox.Forms", "Toolbox.Forms\Toolbox.Forms.csproj", "{7AB22462-5273-4DE3-9A4C-0C8494868EFC}"
	ProjectSection(ProjectDependencies) = postProject
		{0338195A-0AB9-4207-BE05-04BF4DD3FF76} = {0338195A-0AB9-4207-BE05-04BF4DD3FF76}
	EndProjectSection
EndProject
Global
	GlobalSection(SolutionConfigurationPlatforms) = preSolution
		Debug|Any CPU = Debug|Any CPU
		Release|Any CPU = Release|Any CPU
	EndGlobalSection
	GlobalSection(ProjectConfigurationPlatforms) = postSolution
		{0338195A-0AB9-4207-BE05-04BF4DD3FF76}.Debug|Any CPU.ActiveCfg = Debug|Any CPU
		{0338195A-0AB9-4207-BE05-04BF4DD3FF76}.Debug|Any CPU.Build.0 = Debug|Any CPU
		{0338195A-0AB9-4207-BE05-04BF4DD3FF76}.Release|Any CPU.ActiveCfg = Release|Any CPU
		{0338195A-0AB9-4207-BE05-04BF4DD3FF76}.Release|Any CPU.Build.0 = Release|Any CPU
		{EAD54FD5-A81B-4595-9349-4FFDE2F6E919}.Debug|Any CPU.ActiveCfg = Debug|Any CPU
		{EAD54FD5-A81B-4595-9349-4FFDE2F6E919}.Debug|Any CPU.Build.0 = Debug|Any CPU
		{EAD54FD5-A81B-4595-9349-4FFDE2F6E919}.Release|Any CPU.ActiveCfg = Release|Any CPU
		{EAD54FD5-A81B-4595-9349-4FFDE2F6E919}.Release|Any CPU.Build.0 = Release|Any CPU
		{7AB22462-5273-4DE3-9A4C-0C8494868EFC}.Debug|Any CPU.ActiveCfg = Debug|Any CPU
		{7AB22462-5273-4DE3-9A4C-0C8494868EFC}.Debug|Any CPU.Build.0 = Debug|Any CPU
		{7AB22462-5273-4DE3-9A4C-0C8494868EFC}.Release|Any CPU.ActiveCfg = Release|Any CPU
		{7AB22462-5273-4DE3-9A4C-0C8494868EFC}.Release|Any CPU.Build.0 = Release|Any CPU
	EndGlobalSection
	GlobalSection(SolutionProperties) = preSolution
		HideSolutionNode = FALSE
	EndGlobalSection
EndGlobal
